
Microsoft Visual Studio Solution File, Format Version 12.00
# Visual Studio 15
VisualStudioVersion = 15.0.28307.329
MinimumVisualStudioVersion = 10.0.40219.1
Project("{FAE04EC0-301F-11D3-BF4B-00C04F79EFBC}") = "Sitecore.Extensions", "Sitecore.Extensions\Sitecore.Extensions.csproj", "{6E1EF448-AF67-46EF-8EC2-E517C18837DD}"
EndProject
Project("{2150E333-8FDC-42A3-9474-1A3956D46DE8}") = "Solution files", "Solution files", "{D0C9E01F-93E4-422B-9869-6EF81F79E01C}"
	ProjectSection(SolutionItems) = preProject
		Nuget.config = Nuget.config
	EndProjectSection
EndProject
Project("{CAA73BB0-EF22-4D79-A57E-DF67B3BA9C80}") = "Sitecore.Extensions.TDS.Core", "Sitecore.Extensions.TDS.Core\Sitecore.Extensions.TDS.Core.scproj", "{C30ADF5D-0A1C-4621-9224-E9ED6F3C434A}"
EndProject
Project("{FAE04EC0-301F-11D3-BF4B-00C04F79EFBC}") = "Sitecore.Extensions.Test", "Sitecore.Extensions.Test\Sitecore.Extensions.Test.csproj", "{8743A809-9E59-4F0E-A3CE-6DC63FB2975A}"
EndProject
Global
	GlobalSection(SolutionConfigurationPlatforms) = preSolution
		Debug|Any CPU = Debug|Any CPU
		Release|Any CPU = Release|Any CPU
	EndGlobalSection
	GlobalSection(ProjectConfigurationPlatforms) = postSolution
		{6E1EF448-AF67-46EF-8EC2-E517C18837DD}.Debug|Any CPU.ActiveCfg = Debug|Any CPU
		{6E1EF448-AF67-46EF-8EC2-E517C18837DD}.Debug|Any CPU.Build.0 = Debug|Any CPU
		{6E1EF448-AF67-46EF-8EC2-E517C18837DD}.Release|Any CPU.ActiveCfg = Release|Any CPU
		{6E1EF448-AF67-46EF-8EC2-E517C18837DD}.Release|Any CPU.Build.0 = Release|Any CPU
		{C30ADF5D-0A1C-4621-9224-E9ED6F3C434A}.Debug|Any CPU.ActiveCfg = Debug|Any CPU
		{C30ADF5D-0A1C-4621-9224-E9ED6F3C434A}.Debug|Any CPU.Build.0 = Debug|Any CPU
		{C30ADF5D-0A1C-4621-9224-E9ED6F3C434A}.Debug|Any CPU.Deploy.0 = Debug|Any CPU
		{C30ADF5D-0A1C-4621-9224-E9ED6F3C434A}.Release|Any CPU.ActiveCfg = Release|Any CPU
		{C30ADF5D-0A1C-4621-9224-E9ED6F3C434A}.Release|Any CPU.Build.0 = Release|Any CPU
		{C30ADF5D-0A1C-4621-9224-E9ED6F3C434A}.Release|Any CPU.Deploy.0 = Release|Any CPU
		{8743A809-9E59-4F0E-A3CE-6DC63FB2975A}.Debug|Any CPU.ActiveCfg = Debug|Any CPU
		{8743A809-9E59-4F0E-A3CE-6DC63FB2975A}.Debug|Any CPU.Build.0 = Debug|Any CPU
		{8743A809-9E59-4F0E-A3CE-6DC63FB2975A}.Release|Any CPU.ActiveCfg = Release|Any CPU
		{8743A809-9E59-4F0E-A3CE-6DC63FB2975A}.Release|Any CPU.Build.0 = Release|Any CPU
	EndGlobalSection
	GlobalSection(SolutionProperties) = preSolution
		HideSolutionNode = FALSE
	EndGlobalSection
	GlobalSection(ExtensibilityGlobals) = postSolution
		SolutionGuid = {595BEE18-036F-4C57-B89E-2DA22F550442}
	EndGlobalSection
EndGlobal
